// !$*UTF8*$!
{
	archiveVersion = 1;
	classes = {
	};
	objectVersion = 46;
	objects = {

/* Begin PBXBuildFile section */
		1015BD0F1E538ADE00B8445F /* Bundle+Helper.swift in Sources */ = {isa = PBXBuildFile; fileRef = 1015BD091E538ADE00B8445F /* Bundle+Helper.swift */; };
		1015BD101E538ADE00B8445F /* ImagePickerCollectionViewCell.swift in Sources */ = {isa = PBXBuildFile; fileRef = 1015BD0A1E538ADE00B8445F /* ImagePickerCollectionViewCell.swift */; };
		1015BD111E538ADE00B8445F /* OpalImagePickerCollectionViewLayout.swift in Sources */ = {isa = PBXBuildFile; fileRef = 1015BD0B1E538ADE00B8445F /* OpalImagePickerCollectionViewLayout.swift */; };
		1015BD121E538ADE00B8445F /* OpalImagePickerController.swift in Sources */ = {isa = PBXBuildFile; fileRef = 1015BD0C1E538ADE00B8445F /* OpalImagePickerController.swift */; };
		1015BD131E538ADE00B8445F /* OpalImagePickerRootViewController.swift in Sources */ = {isa = PBXBuildFile; fileRef = 1015BD0D1E538ADE00B8445F /* OpalImagePickerRootViewController.swift */; };
		1015BD141E538ADE00B8445F /* UIViewController+OpalImagePicker.swift in Sources */ = {isa = PBXBuildFile; fileRef = 1015BD0E1E538ADE00B8445F /* UIViewController+OpalImagePicker.swift */; };
		1015BD161E538B3200B8445F /* testExpericeViewController.swift in Sources */ = {isa = PBXBuildFile; fileRef = 1015BD151E538B3200B8445F /* testExpericeViewController.swift */; };
		1034585C1E52315E00FDC48C /* CustomView.xib in Resources */ = {isa = PBXBuildFile; fileRef = 1034585B1E52315E00FDC48C /* CustomView.xib */; };
		1034585E1E52322C00FDC48C /* CustomGMSMarker.swift in Sources */ = {isa = PBXBuildFile; fileRef = 1034585D1E52322C00FDC48C /* CustomGMSMarker.swift */; };
		106A8DEC1E4E7FC200E0C622 /* GoogleMapsBase.framework in Frameworks */ = {isa = PBXBuildFile; fileRef = 106A8DEB1E4E7FC200E0C622 /* GoogleMapsBase.framework */; };
		106A8DF11E4E7FDC00E0C622 /* GoogleMaps.framework in Frameworks */ = {isa = PBXBuildFile; fileRef = 106A8DEF1E4E7FDC00E0C622 /* GoogleMaps.framework */; };
		106A8DF21E4E7FDC00E0C622 /* GoogleMapsCore.framework in Frameworks */ = {isa = PBXBuildFile; fileRef = 106A8DF01E4E7FDC00E0C622 /* GoogleMapsCore.framework */; };
		106A8DF41E4E7FF900E0C622 /* GoogleMaps.bundle in Resources */ = {isa = PBXBuildFile; fileRef = 106A8DF31E4E7FF900E0C622 /* GoogleMaps.bundle */; };
		106A8DF61E4E815700E0C622 /* SystemConfiguration.framework in Frameworks */ = {isa = PBXBuildFile; fileRef = 106A8DF51E4E815700E0C622 /* SystemConfiguration.framework */; };
		106A8DF81E4E817200E0C622 /* QuartzCore.framework in Frameworks */ = {isa = PBXBuildFile; fileRef = 106A8DF71E4E817200E0C622 /* QuartzCore.framework */; };
		106A8DFA1E4E817900E0C622 /* OpenGLES.framework in Frameworks */ = {isa = PBXBuildFile; fileRef = 106A8DF91E4E817900E0C622 /* OpenGLES.framework */; };
		106A8DFC1E4E818000E0C622 /* libz.tbd in Frameworks */ = {isa = PBXBuildFile; fileRef = 106A8DFB1E4E818000E0C622 /* libz.tbd */; };
		106A8DFE1E4E818A00E0C622 /* libc++.tbd in Frameworks */ = {isa = PBXBuildFile; fileRef = 106A8DFD1E4E818A00E0C622 /* libc++.tbd */; };
		106A8E001E4E819200E0C622 /* GLKit.framework in Frameworks */ = {isa = PBXBuildFile; fileRef = 106A8DFF1E4E819200E0C622 /* GLKit.framework */; };
		106A8E021E4E81E000E0C622 /* ImageIO.framework in Frameworks */ = {isa = PBXBuildFile; fileRef = 106A8E011E4E81E000E0C622 /* ImageIO.framework */; };
		106A8E041E4E82D300E0C622 /* CoreText.framework in Frameworks */ = {isa = PBXBuildFile; fileRef = 106A8E031E4E82D300E0C622 /* CoreText.framework */; };
		106A8E061E4E82DA00E0C622 /* CoreLocation.framework in Frameworks */ = {isa = PBXBuildFile; fileRef = 106A8E051E4E82DA00E0C622 /* CoreLocation.framework */; };
		106A8E081E4E82E200E0C622 /* Accelerate.framework in Frameworks */ = {isa = PBXBuildFile; fileRef = 106A8E071E4E82E200E0C622 /* Accelerate.framework */; };
		106A8E0A1E4E82F200E0C622 /* CoreGraphics.framework in Frameworks */ = {isa = PBXBuildFile; fileRef = 106A8E091E4E82F200E0C622 /* CoreGraphics.framework */; };
		106A8E0C1E4E82FB00E0C622 /* CoreData.framework in Frameworks */ = {isa = PBXBuildFile; fileRef = 106A8E0B1E4E82FB00E0C622 /* CoreData.framework */; };
		10BB372C1E5730AB005AABF4 /* BaseClassViewController.swift in Sources */ = {isa = PBXBuildFile; fileRef = 10BB372B1E5730AB005AABF4 /* BaseClassViewController.swift */; };
		2AF8DDECDA37C7D5D9785544 /* libPods-FypSwift.a in Frameworks */ = {isa = PBXBuildFile; fileRef = 122E8F37A32056D0A9860093 /* libPods-FypSwift.a */; };
		8B973E661E256CD700D4F3EF /* BtnCustomClass.swift in Sources */ = {isa = PBXBuildFile; fileRef = 8B973E651E256CD700D4F3EF /* BtnCustomClass.swift */; };
		8B973E681E2571D400D4F3EF /* SecondViewController.swift in Sources */ = {isa = PBXBuildFile; fileRef = 8B973E671E2571D400D4F3EF /* SecondViewController.swift */; };
		8BAFF4A91E4E7D2300692E94 /* ProfileViewController.swift in Sources */ = {isa = PBXBuildFile; fileRef = 8BAFF4A81E4E7D2300692E94 /* ProfileViewController.swift */; };
		8BAFF4AB1E4E7D4000692E94 /* MapViewController.swift in Sources */ = {isa = PBXBuildFile; fileRef = 8BAFF4AA1E4E7D4000692E94 /* MapViewController.swift */; };
		8BAFF4AD1E4E7D5400692E94 /* GalleryViewController.swift in Sources */ = {isa = PBXBuildFile; fileRef = 8BAFF4AC1E4E7D5400692E94 /* GalleryViewController.swift */; };
		8BAFF4AF1E4E7DAC00692E94 /* SignInViewController.swift in Sources */ = {isa = PBXBuildFile; fileRef = 8BAFF4AE1E4E7DAC00692E94 /* SignInViewController.swift */; };
		8BAFF4B11E4E7DBD00692E94 /* SignUpViewController.swift in Sources */ = {isa = PBXBuildFile; fileRef = 8BAFF4B01E4E7DBD00692E94 /* SignUpViewController.swift */; };
		8BAFF4B31E4E7E5B00692E94 /* SplashViewController.swift in Sources */ = {isa = PBXBuildFile; fileRef = 8BAFF4B21E4E7E5B00692E94 /* SplashViewController.swift */; };
		8BAFF4B51E4E7EA900692E94 /* HomeViewController.swift in Sources */ = {isa = PBXBuildFile; fileRef = 8BAFF4B41E4E7EA900692E94 /* HomeViewController.swift */; };
		8BCCF0BC1E56703400776425 /* myimagecell.swift in Sources */ = {isa = PBXBuildFile; fileRef = 8BCCF0BB1E56703400776425 /* myimagecell.swift */; };
		8BCCF0BE1E569F8600776425 /* ZeeViewController.swift in Sources */ = {isa = PBXBuildFile; fileRef = 8BCCF0BD1E569F8600776425 /* ZeeViewController.swift */; };
		8BCCF0C41E56A08F00776425 /* budgetingViewController.swift in Sources */ = {isa = PBXBuildFile; fileRef = 8BCCF0BF1E56A08F00776425 /* budgetingViewController.swift */; };
		8BCCF0C51E56A08F00776425 /* fourthViewController.swift in Sources */ = {isa = PBXBuildFile; fileRef = 8BCCF0C01E56A08F00776425 /* fourthViewController.swift */; };
		8BCCF0C61E56A08F00776425 /* galleryCollectionViewCell.swift in Sources */ = {isa = PBXBuildFile; fileRef = 8BCCF0C11E56A08F00776425 /* galleryCollectionViewCell.swift */; };
		8BCCF0C71E56A08F00776425 /* secondViewController.swift in Sources */ = {isa = PBXBuildFile; fileRef = 8BCCF0C21E56A08F00776425 /* secondViewController.swift */; };
		8BCCF0C81E56A08F00776425 /* thirdViewController.swift in Sources */ = {isa = PBXBuildFile; fileRef = 8BCCF0C31E56A08F00776425 /* thirdViewController.swift */; };
		8BD422CF1E2409E8002C040E /* AppDelegate.swift in Sources */ = {isa = PBXBuildFile; fileRef = 8BD422CE1E2409E8002C040E /* AppDelegate.swift */; };
		8BD422D11E2409E8002C040E /* ViewController.swift in Sources */ = {isa = PBXBuildFile; fileRef = 8BD422D01E2409E8002C040E /* ViewController.swift */; };
		8BD422D41E2409E8002C040E /* Main.storyboard in Resources */ = {isa = PBXBuildFile; fileRef = 8BD422D21E2409E8002C040E /* Main.storyboard */; };
		8BD422D61E2409E8002C040E /* Assets.xcassets in Resources */ = {isa = PBXBuildFile; fileRef = 8BD422D51E2409E8002C040E /* Assets.xcassets */; };
		8BD422D91E2409E8002C040E /* LaunchScreen.storyboard in Resources */ = {isa = PBXBuildFile; fileRef = 8BD422D71E2409E8002C040E /* LaunchScreen.storyboard */; };
		8BD422E41E2409E8002C040E /* FypSwiftTests.swift in Sources */ = {isa = PBXBuildFile; fileRef = 8BD422E31E2409E8002C040E /* FypSwiftTests.swift */; };
		8BD422EF1E2409E8002C040E /* FypSwiftUITests.swift in Sources */ = {isa = PBXBuildFile; fileRef = 8BD422EE1E2409E8002C040E /* FypSwiftUITests.swift */; };
		8BD422FD1E240C1B002C040E /* Assets.xcassets in Resources */ = {isa = PBXBuildFile; fileRef = 8BD422FC1E240C1B002C040E /* Assets.xcassets */; };
		8BD423041E241B67002C040E /* MapKit.framework in Frameworks */ = {isa = PBXBuildFile; fileRef = 8BD423031E241B67002C040E /* MapKit.framework */; };
/* End PBXBuildFile section */

/* Begin PBXContainerItemProxy section */
		8BD422E01E2409E8002C040E /* PBXContainerItemProxy */ = {
			isa = PBXContainerItemProxy;
			containerPortal = 8BD422C31E2409E8002C040E /* Project object */;
			proxyType = 1;
			remoteGlobalIDString = 8BD422CA1E2409E8002C040E;
			remoteInfo = FypSwift;
		};
		8BD422EB1E2409E8002C040E /* PBXContainerItemProxy */ = {
			isa = PBXContainerItemProxy;
			containerPortal = 8BD422C31E2409E8002C040E /* Project object */;
			proxyType = 1;
			remoteGlobalIDString = 8BD422CA1E2409E8002C040E;
			remoteInfo = FypSwift;
		};
/* End PBXContainerItemProxy section */

/* Begin PBXFileReference section */
		1015BD091E538ADE00B8445F /* Bundle+Helper.swift */ = {isa = PBXFileReference; fileEncoding = 4; lastKnownFileType = sourcecode.swift; path = "Bundle+Helper.swift"; sourceTree = "<group>"; };
		1015BD0A1E538ADE00B8445F /* ImagePickerCollectionViewCell.swift */ = {isa = PBXFileReference; fileEncoding = 4; lastKnownFileType = sourcecode.swift; path = ImagePickerCollectionViewCell.swift; sourceTree = "<group>"; };
		1015BD0B1E538ADE00B8445F /* OpalImagePickerCollectionViewLayout.swift */ = {isa = PBXFileReference; fileEncoding = 4; lastKnownFileType = sourcecode.swift; path = OpalImagePickerCollectionViewLayout.swift; sourceTree = "<group>"; };
		1015BD0C1E538ADE00B8445F /* OpalImagePickerController.swift */ = {isa = PBXFileReference; fileEncoding = 4; lastKnownFileType = sourcecode.swift; path = OpalImagePickerController.swift; sourceTree = "<group>"; };
		1015BD0D1E538ADE00B8445F /* OpalImagePickerRootViewController.swift */ = {isa = PBXFileReference; fileEncoding = 4; lastKnownFileType = sourcecode.swift; path = OpalImagePickerRootViewController.swift; sourceTree = "<group>"; };
		1015BD0E1E538ADE00B8445F /* UIViewController+OpalImagePicker.swift */ = {isa = PBXFileReference; fileEncoding = 4; lastKnownFileType = sourcecode.swift; path = "UIViewController+OpalImagePicker.swift"; sourceTree = "<group>"; };
		1015BD151E538B3200B8445F /* testExpericeViewController.swift */ = {isa = PBXFileReference; fileEncoding = 4; lastKnownFileType = sourcecode.swift; path = testExpericeViewController.swift; sourceTree = "<group>"; };
		1034585B1E52315E00FDC48C /* CustomView.xib */ = {isa = PBXFileReference; fileEncoding = 4; lastKnownFileType = file.xib; path = CustomView.xib; sourceTree = "<group>"; };
		1034585D1E52322C00FDC48C /* CustomGMSMarker.swift */ = {isa = PBXFileReference; fileEncoding = 4; lastKnownFileType = sourcecode.swift; path = CustomGMSMarker.swift; sourceTree = "<group>"; };
		106A8DEB1E4E7FC200E0C622 /* GoogleMapsBase.framework */ = {isa = PBXFileReference; lastKnownFileType = wrapper.framework; path = GoogleMapsBase.framework; sourceTree = "<group>"; };
		106A8DEF1E4E7FDC00E0C622 /* GoogleMaps.framework */ = {isa = PBXFileReference; lastKnownFileType = wrapper.framework; path = GoogleMaps.framework; sourceTree = "<group>"; };
		106A8DF01E4E7FDC00E0C622 /* GoogleMapsCore.framework */ = {isa = PBXFileReference; lastKnownFileType = wrapper.framework; path = GoogleMapsCore.framework; sourceTree = "<group>"; };
		106A8DF31E4E7FF900E0C622 /* GoogleMaps.bundle */ = {isa = PBXFileReference; lastKnownFileType = "wrapper.plug-in"; name = GoogleMaps.bundle; path = GoogleMaps.framework/Versions/A/Resources/GoogleMaps.bundle; sourceTree = "<group>"; };
		106A8DF51E4E815700E0C622 /* SystemConfiguration.framework */ = {isa = PBXFileReference; lastKnownFileType = wrapper.framework; name = SystemConfiguration.framework; path = System/Library/Frameworks/SystemConfiguration.framework; sourceTree = SDKROOT; };
		106A8DF71E4E817200E0C622 /* QuartzCore.framework */ = {isa = PBXFileReference; lastKnownFileType = wrapper.framework; name = QuartzCore.framework; path = System/Library/Frameworks/QuartzCore.framework; sourceTree = SDKROOT; };
		106A8DF91E4E817900E0C622 /* OpenGLES.framework */ = {isa = PBXFileReference; lastKnownFileType = wrapper.framework; name = OpenGLES.framework; path = System/Library/Frameworks/OpenGLES.framework; sourceTree = SDKROOT; };
		106A8DFB1E4E818000E0C622 /* libz.tbd */ = {isa = PBXFileReference; lastKnownFileType = "sourcecode.text-based-dylib-definition"; name = libz.tbd; path = usr/lib/libz.tbd; sourceTree = SDKROOT; };
		106A8DFD1E4E818A00E0C622 /* libc++.tbd */ = {isa = PBXFileReference; lastKnownFileType = "sourcecode.text-based-dylib-definition"; name = "libc++.tbd"; path = "usr/lib/libc++.tbd"; sourceTree = SDKROOT; };
		106A8DFF1E4E819200E0C622 /* GLKit.framework */ = {isa = PBXFileReference; lastKnownFileType = wrapper.framework; name = GLKit.framework; path = System/Library/Frameworks/GLKit.framework; sourceTree = SDKROOT; };
		106A8E011E4E81E000E0C622 /* ImageIO.framework */ = {isa = PBXFileReference; lastKnownFileType = wrapper.framework; name = ImageIO.framework; path = System/Library/Frameworks/ImageIO.framework; sourceTree = SDKROOT; };
		106A8E031E4E82D300E0C622 /* CoreText.framework */ = {isa = PBXFileReference; lastKnownFileType = wrapper.framework; name = CoreText.framework; path = System/Library/Frameworks/CoreText.framework; sourceTree = SDKROOT; };
		106A8E051E4E82DA00E0C622 /* CoreLocation.framework */ = {isa = PBXFileReference; lastKnownFileType = wrapper.framework; name = CoreLocation.framework; path = System/Library/Frameworks/CoreLocation.framework; sourceTree = SDKROOT; };
		106A8E071E4E82E200E0C622 /* Accelerate.framework */ = {isa = PBXFileReference; lastKnownFileType = wrapper.framework; name = Accelerate.framework; path = System/Library/Frameworks/Accelerate.framework; sourceTree = SDKROOT; };
		106A8E091E4E82F200E0C622 /* CoreGraphics.framework */ = {isa = PBXFileReference; lastKnownFileType = wrapper.framework; name = CoreGraphics.framework; path = System/Library/Frameworks/CoreGraphics.framework; sourceTree = SDKROOT; };
		106A8E0B1E4E82FB00E0C622 /* CoreData.framework */ = {isa = PBXFileReference; lastKnownFileType = wrapper.framework; name = CoreData.framework; path = System/Library/Frameworks/CoreData.framework; sourceTree = SDKROOT; };
		10BB372B1E5730AB005AABF4 /* BaseClassViewController.swift */ = {isa = PBXFileReference; fileEncoding = 4; lastKnownFileType = sourcecode.swift; name = BaseClassViewController.swift; path = ../BaseClassViewController.swift; sourceTree = "<group>"; };
		122E8F37A32056D0A9860093 /* libPods-FypSwift.a */ = {isa = PBXFileReference; explicitFileType = archive.ar; includeInIndex = 0; path = "libPods-FypSwift.a"; sourceTree = BUILT_PRODUCTS_DIR; };
		8B973E651E256CD700D4F3EF /* BtnCustomClass.swift */ = {isa = PBXFileReference; fileEncoding = 4; lastKnownFileType = sourcecode.swift; path = BtnCustomClass.swift; sourceTree = "<group>"; };
		8B973E671E2571D400D4F3EF /* SecondViewController.swift */ = {isa = PBXFileReference; fileEncoding = 4; lastKnownFileType = sourcecode.swift; name = SecondViewController.swift; path = FypSwiftUITests/SecondViewController.swift; sourceTree = SOURCE_ROOT; };
		8BAFF4A81E4E7D2300692E94 /* ProfileViewController.swift */ = {isa = PBXFileReference; fileEncoding = 4; lastKnownFileType = sourcecode.swift; path = ProfileViewController.swift; sourceTree = "<group>"; };
		8BAFF4AA1E4E7D4000692E94 /* MapViewController.swift */ = {isa = PBXFileReference; fileEncoding = 4; lastKnownFileType = sourcecode.swift; path = MapViewController.swift; sourceTree = "<group>"; };
		8BAFF4AC1E4E7D5400692E94 /* GalleryViewController.swift */ = {isa = PBXFileReference; fileEncoding = 4; lastKnownFileType = sourcecode.swift; path = GalleryViewController.swift; sourceTree = "<group>"; };
		8BAFF4AE1E4E7DAC00692E94 /* SignInViewController.swift */ = {isa = PBXFileReference; fileEncoding = 4; lastKnownFileType = sourcecode.swift; path = SignInViewController.swift; sourceTree = "<group>"; };
		8BAFF4B01E4E7DBD00692E94 /* SignUpViewController.swift */ = {isa = PBXFileReference; fileEncoding = 4; lastKnownFileType = sourcecode.swift; path = SignUpViewController.swift; sourceTree = "<group>"; };
		8BAFF4B21E4E7E5B00692E94 /* SplashViewController.swift */ = {isa = PBXFileReference; fileEncoding = 4; lastKnownFileType = sourcecode.swift; path = SplashViewController.swift; sourceTree = "<group>"; };
		8BAFF4B41E4E7EA900692E94 /* HomeViewController.swift */ = {isa = PBXFileReference; fileEncoding = 4; lastKnownFileType = sourcecode.swift; path = HomeViewController.swift; sourceTree = "<group>"; };
		8BCCF0BB1E56703400776425 /* myimagecell.swift */ = {isa = PBXFileReference; fileEncoding = 4; lastKnownFileType = sourcecode.swift; path = myimagecell.swift; sourceTree = "<group>"; };
		8BCCF0BD1E569F8600776425 /* ZeeViewController.swift */ = {isa = PBXFileReference; fileEncoding = 4; lastKnownFileType = sourcecode.swift; path = ZeeViewController.swift; sourceTree = "<group>"; };
		8BCCF0BF1E56A08F00776425 /* budgetingViewController.swift */ = {isa = PBXFileReference; fileEncoding = 4; lastKnownFileType = sourcecode.swift; path = budgetingViewController.swift; sourceTree = "<group>"; };
		8BCCF0C01E56A08F00776425 /* fourthViewController.swift */ = {isa = PBXFileReference; fileEncoding = 4; lastKnownFileType = sourcecode.swift; path = fourthViewController.swift; sourceTree = "<group>"; };
		8BCCF0C11E56A08F00776425 /* galleryCollectionViewCell.swift */ = {isa = PBXFileReference; fileEncoding = 4; lastKnownFileType = sourcecode.swift; path = galleryCollectionViewCell.swift; sourceTree = "<group>"; };
		8BCCF0C21E56A08F00776425 /* secondViewController.swift */ = {isa = PBXFileReference; fileEncoding = 4; lastKnownFileType = sourcecode.swift; path = secondViewController.swift; sourceTree = "<group>"; };
		8BCCF0C31E56A08F00776425 /* thirdViewController.swift */ = {isa = PBXFileReference; fileEncoding = 4; lastKnownFileType = sourcecode.swift; path = thirdViewController.swift; sourceTree = "<group>"; };
		8BD422CB1E2409E8002C040E /* FypSwift.app */ = {isa = PBXFileReference; explicitFileType = wrapper.application; includeInIndex = 0; path = FypSwift.app; sourceTree = BUILT_PRODUCTS_DIR; };
		8BD422CE1E2409E8002C040E /* AppDelegate.swift */ = {isa = PBXFileReference; lastKnownFileType = sourcecode.swift; path = AppDelegate.swift; sourceTree = "<group>"; };
		8BD422D01E2409E8002C040E /* ViewController.swift */ = {isa = PBXFileReference; lastKnownFileType = sourcecode.swift; path = ViewController.swift; sourceTree = "<group>"; };
		8BD422D31E2409E8002C040E /* Base */ = {isa = PBXFileReference; lastKnownFileType = file.storyboard; name = Base; path = Base.lproj/Main.storyboard; sourceTree = "<group>"; };
		8BD422D51E2409E8002C040E /* Assets.xcassets */ = {isa = PBXFileReference; lastKnownFileType = folder.assetcatalog; path = Assets.xcassets; sourceTree = "<group>"; };
		8BD422D81E2409E8002C040E /* Base */ = {isa = PBXFileReference; lastKnownFileType = file.storyboard; name = Base; path = Base.lproj/LaunchScreen.storyboard; sourceTree = "<group>"; };
		8BD422DA1E2409E8002C040E /* Info.plist */ = {isa = PBXFileReference; lastKnownFileType = text.plist.xml; path = Info.plist; sourceTree = "<group>"; };
		8BD422DF1E2409E8002C040E /* FypSwiftTests.xctest */ = {isa = PBXFileReference; explicitFileType = wrapper.cfbundle; includeInIndex = 0; path = FypSwiftTests.xctest; sourceTree = BUILT_PRODUCTS_DIR; };
		8BD422E31E2409E8002C040E /* FypSwiftTests.swift */ = {isa = PBXFileReference; lastKnownFileType = sourcecode.swift; path = FypSwiftTests.swift; sourceTree = "<group>"; };
		8BD422E51E2409E8002C040E /* Info.plist */ = {isa = PBXFileReference; lastKnownFileType = text.plist.xml; path = Info.plist; sourceTree = "<group>"; };
		8BD422EA1E2409E8002C040E /* FypSwiftUITests.xctest */ = {isa = PBXFileReference; explicitFileType = wrapper.cfbundle; includeInIndex = 0; path = FypSwiftUITests.xctest; sourceTree = BUILT_PRODUCTS_DIR; };
		8BD422EE1E2409E8002C040E /* FypSwiftUITests.swift */ = {isa = PBXFileReference; lastKnownFileType = sourcecode.swift; path = FypSwiftUITests.swift; sourceTree = "<group>"; };
		8BD422F01E2409E8002C040E /* Info.plist */ = {isa = PBXFileReference; lastKnownFileType = text.plist.xml; path = Info.plist; sourceTree = "<group>"; };
		8BD422FC1E240C1B002C040E /* Assets.xcassets */ = {isa = PBXFileReference; lastKnownFileType = folder.assetcatalog; path = Assets.xcassets; sourceTree = "<group>"; };
		8BD423031E241B67002C040E /* MapKit.framework */ = {isa = PBXFileReference; lastKnownFileType = wrapper.framework; name = MapKit.framework; path = System/Library/Frameworks/MapKit.framework; sourceTree = SDKROOT; };
		8F2630E6D117696350CE97D2 /* Pods-FypSwift.debug.xcconfig */ = {isa = PBXFileReference; includeInIndex = 1; lastKnownFileType = text.xcconfig; name = "Pods-FypSwift.debug.xcconfig"; path = "Pods/Target Support Files/Pods-FypSwift/Pods-FypSwift.debug.xcconfig"; sourceTree = "<group>"; };
		DD8A298E38C5852122E2D06B /* Pods-FypSwift.release.xcconfig */ = {isa = PBXFileReference; includeInIndex = 1; lastKnownFileType = text.xcconfig; name = "Pods-FypSwift.release.xcconfig"; path = "Pods/Target Support Files/Pods-FypSwift/Pods-FypSwift.release.xcconfig"; sourceTree = "<group>"; };
/* End PBXFileReference section */

/* Begin PBXFrameworksBuildPhase section */
		8BD422C81E2409E8002C040E /* Frameworks */ = {
			isa = PBXFrameworksBuildPhase;
			buildActionMask = 2147483647;
			files = (
				106A8E0C1E4E82FB00E0C622 /* CoreData.framework in Frameworks */,
				106A8E0A1E4E82F200E0C622 /* CoreGraphics.framework in Frameworks */,
				106A8E081E4E82E200E0C622 /* Accelerate.framework in Frameworks */,
				106A8E061E4E82DA00E0C622 /* CoreLocation.framework in Frameworks */,
				106A8E041E4E82D300E0C622 /* CoreText.framework in Frameworks */,
				106A8E021E4E81E000E0C622 /* ImageIO.framework in Frameworks */,
				106A8E001E4E819200E0C622 /* GLKit.framework in Frameworks */,
				106A8DFE1E4E818A00E0C622 /* libc++.tbd in Frameworks */,
				106A8DFC1E4E818000E0C622 /* libz.tbd in Frameworks */,
				106A8DFA1E4E817900E0C622 /* OpenGLES.framework in Frameworks */,
				106A8DF81E4E817200E0C622 /* QuartzCore.framework in Frameworks */,
				106A8DF61E4E815700E0C622 /* SystemConfiguration.framework in Frameworks */,
				8BD423041E241B67002C040E /* MapKit.framework in Frameworks */,
				106A8DF21E4E7FDC00E0C622 /* GoogleMapsCore.framework in Frameworks */,
				106A8DF11E4E7FDC00E0C622 /* GoogleMaps.framework in Frameworks */,
				106A8DEC1E4E7FC200E0C622 /* GoogleMapsBase.framework in Frameworks */,
				2AF8DDECDA37C7D5D9785544 /* libPods-FypSwift.a in Frameworks */,
			);
			runOnlyForDeploymentPostprocessing = 0;
		};
		8BD422DC1E2409E8002C040E /* Frameworks */ = {
			isa = PBXFrameworksBuildPhase;
			buildActionMask = 2147483647;
			files = (
			);
			runOnlyForDeploymentPostprocessing = 0;
		};
		8BD422E71E2409E8002C040E /* Frameworks */ = {
			isa = PBXFrameworksBuildPhase;
			buildActionMask = 2147483647;
			files = (
			);
			runOnlyForDeploymentPostprocessing = 0;
		};
/* End PBXFrameworksBuildPhase section */

/* Begin PBXGroup section */
		1015BD081E538ADE00B8445F /* Source */ = {
			isa = PBXGroup;
			children = (
				1015BD091E538ADE00B8445F /* Bundle+Helper.swift */,
				1015BD0A1E538ADE00B8445F /* ImagePickerCollectionViewCell.swift */,
				1015BD0B1E538ADE00B8445F /* OpalImagePickerCollectionViewLayout.swift */,
				1015BD0C1E538ADE00B8445F /* OpalImagePickerController.swift */,
				1015BD0D1E538ADE00B8445F /* OpalImagePickerRootViewController.swift */,
				1015BD0E1E538ADE00B8445F /* UIViewController+OpalImagePicker.swift */,
			);
			path = Source;
			sourceTree = SOURCE_ROOT;
		};
		331A6793D4A84AB55B570E00 /* Pods */ = {
			isa = PBXGroup;
			children = (
				8F2630E6D117696350CE97D2 /* Pods-FypSwift.debug.xcconfig */,
				DD8A298E38C5852122E2D06B /* Pods-FypSwift.release.xcconfig */,
			);
			name = Pods;
			sourceTree = "<group>";
		};
		8BD422C21E2409E8002C040E = {
			isa = PBXGroup;
			children = (
				8BD422CD1E2409E8002C040E /* FypSwift */,
				8BD422E21E2409E8002C040E /* FypSwiftTests */,
				8BD422ED1E2409E8002C040E /* FypSwiftUITests */,
				8BD422CC1E2409E8002C040E /* Products */,
				8BD423021E241B66002C040E /* Frameworks */,
				331A6793D4A84AB55B570E00 /* Pods */,
			);
			sourceTree = "<group>";
		};
		8BD422CC1E2409E8002C040E /* Products */ = {
			isa = PBXGroup;
			children = (
				8BD422CB1E2409E8002C040E /* FypSwift.app */,
				8BD422DF1E2409E8002C040E /* FypSwiftTests.xctest */,
				8BD422EA1E2409E8002C040E /* FypSwiftUITests.xctest */,
			);
			name = Products;
			sourceTree = "<group>";
		};
		8BD422CD1E2409E8002C040E /* FypSwift */ = {
			isa = PBXGroup;
			children = (
				10BB372B1E5730AB005AABF4 /* BaseClassViewController.swift */,
				8BCCF0BF1E56A08F00776425 /* budgetingViewController.swift */,
				8BCCF0C01E56A08F00776425 /* fourthViewController.swift */,
				8BCCF0C11E56A08F00776425 /* galleryCollectionViewCell.swift */,
				8BCCF0C21E56A08F00776425 /* secondViewController.swift */,
				8BCCF0C31E56A08F00776425 /* thirdViewController.swift */,
				8BD422FC1E240C1B002C040E /* Assets.xcassets */,
				1015BD081E538ADE00B8445F /* Source */,
				8BD422CE1E2409E8002C040E /* AppDelegate.swift */,
				8BD422D01E2409E8002C040E /* ViewController.swift */,
				8BD422D21E2409E8002C040E /* Main.storyboard */,
				1034585D1E52322C00FDC48C /* CustomGMSMarker.swift */,
				8B973E651E256CD700D4F3EF /* BtnCustomClass.swift */,
				8B973E671E2571D400D4F3EF /* SecondViewController.swift */,
				8BD422D51E2409E8002C040E /* Assets.xcassets */,
				8BCCF0BD1E569F8600776425 /* ZeeViewController.swift */,
				8BD422D71E2409E8002C040E /* LaunchScreen.storyboard */,
				8BD422DA1E2409E8002C040E /* Info.plist */,
				8BAFF4A81E4E7D2300692E94 /* ProfileViewController.swift */,
				8BAFF4AA1E4E7D4000692E94 /* MapViewController.swift */,
				8BAFF4AC1E4E7D5400692E94 /* GalleryViewController.swift */,
				8BAFF4AE1E4E7DAC00692E94 /* SignInViewController.swift */,
				1015BD151E538B3200B8445F /* testExpericeViewController.swift */,
				8BAFF4B01E4E7DBD00692E94 /* SignUpViewController.swift */,
				8BAFF4B21E4E7E5B00692E94 /* SplashViewController.swift */,
				8BAFF4B41E4E7EA900692E94 /* HomeViewController.swift */,
				1034585B1E52315E00FDC48C /* CustomView.xib */,
				8BCCF0BB1E56703400776425 /* myimagecell.swift */,
			);
			path = FypSwift;
			sourceTree = "<group>";
		};
		8BD422E21E2409E8002C040E /* FypSwiftTests */ = {
			isa = PBXGroup;
			children = (
				8BD422E31E2409E8002C040E /* FypSwiftTests.swift */,
				8BD422E51E2409E8002C040E /* Info.plist */,
			);
			path = FypSwiftTests;
			sourceTree = "<group>";
		};
		8BD422ED1E2409E8002C040E /* FypSwiftUITests */ = {
			isa = PBXGroup;
			children = (
				8BD422EE1E2409E8002C040E /* FypSwiftUITests.swift */,
				8BD422F01E2409E8002C040E /* Info.plist */,
			);
			path = FypSwiftUITests;
			sourceTree = "<group>";
		};
		8BD423021E241B66002C040E /* Frameworks */ = {
			isa = PBXGroup;
			children = (
				106A8E0B1E4E82FB00E0C622 /* CoreData.framework */,
				106A8E091E4E82F200E0C622 /* CoreGraphics.framework */,
				106A8E071E4E82E200E0C622 /* Accelerate.framework */,
				106A8E051E4E82DA00E0C622 /* CoreLocation.framework */,
				106A8E031E4E82D300E0C622 /* CoreText.framework */,
				106A8E011E4E81E000E0C622 /* ImageIO.framework */,
				106A8DFF1E4E819200E0C622 /* GLKit.framework */,
				106A8DFD1E4E818A00E0C622 /* libc++.tbd */,
				106A8DFB1E4E818000E0C622 /* libz.tbd */,
				106A8DF91E4E817900E0C622 /* OpenGLES.framework */,
				106A8DF71E4E817200E0C622 /* QuartzCore.framework */,
				106A8DF51E4E815700E0C622 /* SystemConfiguration.framework */,
				106A8DF31E4E7FF900E0C622 /* GoogleMaps.bundle */,
				106A8DEF1E4E7FDC00E0C622 /* GoogleMaps.framework */,
				106A8DF01E4E7FDC00E0C622 /* GoogleMapsCore.framework */,
				106A8DEB1E4E7FC200E0C622 /* GoogleMapsBase.framework */,
				8BD423031E241B67002C040E /* MapKit.framework */,
				122E8F37A32056D0A9860093 /* libPods-FypSwift.a */,
			);
			name = Frameworks;
			sourceTree = "<group>";
		};
/* End PBXGroup section */

/* Begin PBXNativeTarget section */
		8BD422CA1E2409E8002C040E /* FypSwift */ = {
			isa = PBXNativeTarget;
			buildConfigurationList = 8BD422F31E2409E8002C040E /* Build configuration list for PBXNativeTarget "FypSwift" */;
			buildPhases = (
				9E8BFCBA66ADFD0050AB66C7 /* [CP] Check Pods Manifest.lock */,
				8BD422C71E2409E8002C040E /* Sources */,
				8BD422C81E2409E8002C040E /* Frameworks */,
				8BD422C91E2409E8002C040E /* Resources */,
				52FEB63D6D89B20519C40C98 /* [CP] Embed Pods Frameworks */,
				80D1271FFED186D0CCD13794 /* [CP] Copy Pods Resources */,
			);
			buildRules = (
			);
			dependencies = (
			);
			name = FypSwift;
			productName = FypSwift;
			productReference = 8BD422CB1E2409E8002C040E /* FypSwift.app */;
			productType = "com.apple.product-type.application";
		};
		8BD422DE1E2409E8002C040E /* FypSwiftTests */ = {
			isa = PBXNativeTarget;
			buildConfigurationList = 8BD422F61E2409E8002C040E /* Build configuration list for PBXNativeTarget "FypSwiftTests" */;
			buildPhases = (
				8BD422DB1E2409E8002C040E /* Sources */,
				8BD422DC1E2409E8002C040E /* Frameworks */,
				8BD422DD1E2409E8002C040E /* Resources */,
			);
			buildRules = (
			);
			dependencies = (
				8BD422E11E2409E8002C040E /* PBXTargetDependency */,
			);
			name = FypSwiftTests;
			productName = FypSwiftTests;
			productReference = 8BD422DF1E2409E8002C040E /* FypSwiftTests.xctest */;
			productType = "com.apple.product-type.bundle.unit-test";
		};
		8BD422E91E2409E8002C040E /* FypSwiftUITests */ = {
			isa = PBXNativeTarget;
			buildConfigurationList = 8BD422F91E2409E8002C040E /* Build configuration list for PBXNativeTarget "FypSwiftUITests" */;
			buildPhases = (
				8BD422E61E2409E8002C040E /* Sources */,
				8BD422E71E2409E8002C040E /* Frameworks */,
				8BD422E81E2409E8002C040E /* Resources */,
			);
			buildRules = (
			);
			dependencies = (
				8BD422EC1E2409E8002C040E /* PBXTargetDependency */,
			);
			name = FypSwiftUITests;
			productName = FypSwiftUITests;
			productReference = 8BD422EA1E2409E8002C040E /* FypSwiftUITests.xctest */;
			productType = "com.apple.product-type.bundle.ui-testing";
		};
/* End PBXNativeTarget section */

/* Begin PBXProject section */
		8BD422C31E2409E8002C040E /* Project object */ = {
			isa = PBXProject;
			attributes = {
				LastSwiftUpdateCheck = 0800;
				LastUpgradeCheck = 0800;
				ORGANIZATIONNAME = "Nano Degree";
				TargetAttributes = {
					8BD422CA1E2409E8002C040E = {
						CreatedOnToolsVersion = 8.0;
						ProvisioningStyle = Automatic;
					};
					8BD422DE1E2409E8002C040E = {
						CreatedOnToolsVersion = 8.0;
						ProvisioningStyle = Automatic;
						TestTargetID = 8BD422CA1E2409E8002C040E;
					};
					8BD422E91E2409E8002C040E = {
						CreatedOnToolsVersion = 8.0;
						ProvisioningStyle = Automatic;
						TestTargetID = 8BD422CA1E2409E8002C040E;
					};
				};
			};
			buildConfigurationList = 8BD422C61E2409E8002C040E /* Build configuration list for PBXProject "FypSwift" */;
			compatibilityVersion = "Xcode 3.2";
			developmentRegion = English;
			hasScannedForEncodings = 0;
			knownRegions = (
				en,
				Base,
			);
			mainGroup = 8BD422C21E2409E8002C040E;
			productRefGroup = 8BD422CC1E2409E8002C040E /* Products */;
			projectDirPath = "";
			projectRoot = "";
			targets = (
				8BD422CA1E2409E8002C040E /* FypSwift */,
				8BD422DE1E2409E8002C040E /* FypSwiftTests */,
				8BD422E91E2409E8002C040E /* FypSwiftUITests */,
			);
		};
/* End PBXProject section */

/* Begin PBXResourcesBuildPhase section */
		8BD422C91E2409E8002C040E /* Resources */ = {
			isa = PBXResourcesBuildPhase;
			buildActionMask = 2147483647;
			files = (
				8BD422D91E2409E8002C040E /* LaunchScreen.storyboard in Resources */,
				8BD422D61E2409E8002C040E /* Assets.xcassets in Resources */,
				8BD422FD1E240C1B002C040E /* Assets.xcassets in Resources */,
				8BD422D41E2409E8002C040E /* Main.storyboard in Resources */,
				106A8DF41E4E7FF900E0C622 /* GoogleMaps.bundle in Resources */,
				1034585C1E52315E00FDC48C /* CustomView.xib in Resources */,
			);
			runOnlyForDeploymentPostprocessing = 0;
		};
		8BD422DD1E2409E8002C040E /* Resources */ = {
			isa = PBXResourcesBuildPhase;
			buildActionMask = 2147483647;
			files = (
			);
			runOnlyForDeploymentPostprocessing = 0;
		};
		8BD422E81E2409E8002C040E /* Resources */ = {
			isa = PBXResourcesBuildPhase;
			buildActionMask = 2147483647;
			files = (
			);
			runOnlyForDeploymentPostprocessing = 0;
		};
/* End PBXResourcesBuildPhase section */

/* Begin PBXShellScriptBuildPhase section */
		52FEB63D6D89B20519C40C98 /* [CP] Embed Pods Frameworks */ = {
			isa = PBXShellScriptBuildPhase;
			buildActionMask = 2147483647;
			files = (
			);
			inputPaths = (
			);
			name = "[CP] Embed Pods Frameworks";
			outputPaths = (
			);
			runOnlyForDeploymentPostprocessing = 0;
			shellPath = /bin/sh;
			shellScript = "\"${SRCROOT}/Pods/Target Support Files/Pods-FypSwift/Pods-FypSwift-frameworks.sh\"\n";
			showEnvVarsInLog = 0;
		};
		80D1271FFED186D0CCD13794 /* [CP] Copy Pods Resources */ = {
			isa = PBXShellScriptBuildPhase;
			buildActionMask = 2147483647;
			files = (
			);
			inputPaths = (
			);
			name = "[CP] Copy Pods Resources";
			outputPaths = (
			);
			runOnlyForDeploymentPostprocessing = 0;
			shellPath = /bin/sh;
			shellScript = "\"${SRCROOT}/Pods/Target Support Files/Pods-FypSwift/Pods-FypSwift-resources.sh\"\n";
			showEnvVarsInLog = 0;
		};
		9E8BFCBA66ADFD0050AB66C7 /* [CP] Check Pods Manifest.lock */ = {
			isa = PBXShellScriptBuildPhase;
			buildActionMask = 2147483647;
			files = (
			);
			inputPaths = (
			);
			name = "[CP] Check Pods Manifest.lock";
			outputPaths = (
			);
			runOnlyForDeploymentPostprocessing = 0;
			shellPath = /bin/sh;
			shellScript = "diff \"${PODS_ROOT}/../Podfile.lock\" \"${PODS_ROOT}/Manifest.lock\" > /dev/null\nif [ $? != 0 ] ; then\n    # print error to STDERR\n    echo \"error: The sandbox is not in sync with the Podfile.lock. Run 'pod install' or update your CocoaPods installation.\" >&2\n    exit 1\nfi\n";
			showEnvVarsInLog = 0;
		};
/* End PBXShellScriptBuildPhase section */

/* Begin PBXSourcesBuildPhase section */
		8BD422C71E2409E8002C040E /* Sources */ = {
			isa = PBXSourcesBuildPhase;
			buildActionMask = 2147483647;
			files = (
				8B973E661E256CD700D4F3EF /* BtnCustomClass.swift in Sources */,
				8BCCF0C61E56A08F00776425 /* galleryCollectionViewCell.swift in Sources */,
				8BCCF0BE1E569F8600776425 /* ZeeViewController.swift in Sources */,
				8BCCF0BC1E56703400776425 /* myimagecell.swift in Sources */,
				8BCCF0C81E56A08F00776425 /* thirdViewController.swift in Sources */,
				8BAFF4AD1E4E7D5400692E94 /* GalleryViewController.swift in Sources */,
				1015BD101E538ADE00B8445F /* ImagePickerCollectionViewCell.swift in Sources */,
				8BCCF0C51E56A08F00776425 /* fourthViewController.swift in Sources */,
				8BAFF4AB1E4E7D4000692E94 /* MapViewController.swift in Sources */,
				1015BD111E538ADE00B8445F /* OpalImagePickerCollectionViewLayout.swift in Sources */,
				1034585E1E52322C00FDC48C /* CustomGMSMarker.swift in Sources */,
				8BAFF4AF1E4E7DAC00692E94 /* SignInViewController.swift in Sources */,
				8BAFF4A91E4E7D2300692E94 /* ProfileViewController.swift in Sources */,
				8BCCF0C71E56A08F00776425 /* secondViewController.swift in Sources */,
				1015BD161E538B3200B8445F /* testExpericeViewController.swift in Sources */,
				8BAFF4B11E4E7DBD00692E94 /* SignUpViewController.swift in Sources */,
				8BAFF4B51E4E7EA900692E94 /* HomeViewController.swift in Sources */,
				1015BD121E538ADE00B8445F /* OpalImagePickerController.swift in Sources */,
				1015BD141E538ADE00B8445F /* UIViewController+OpalImagePicker.swift in Sources */,
				1015BD0F1E538ADE00B8445F /* Bundle+Helper.swift in Sources */,
				1015BD131E538ADE00B8445F /* OpalImagePickerRootViewController.swift in Sources */,
				8BD422D11E2409E8002C040E /* ViewController.swift in Sources */,
				10BB372C1E5730AB005AABF4 /* BaseClassViewController.swift in Sources */,
				8BD422CF1E2409E8002C040E /* AppDelegate.swift in Sources */,
				8BCCF0C41E56A08F00776425 /* budgetingViewController.swift in Sources */,
				8BAFF4B31E4E7E5B00692E94 /* SplashViewController.swift in Sources */,
			);
			runOnlyForDeploymentPostprocessing = 0;
		};
		8BD422DB1E2409E8002C040E /* Sources */ = {
			isa = PBXSourcesBuildPhase;
			buildActionMask = 2147483647;
			files = (
				8BD422E41E2409E8002C040E /* FypSwiftTests.swift in Sources */,
			);
			runOnlyForDeploymentPostprocessing = 0;
		};
		8BD422E61E2409E8002C040E /* Sources */ = {
			isa = PBXSourcesBuildPhase;
			buildActionMask = 2147483647;
			files = (
				8B973E681E2571D400D4F3EF /* SecondViewController.swift in Sources */,
				8BD422EF1E2409E8002C040E /* FypSwiftUITests.swift in Sources */,
			);
			runOnlyForDeploymentPostprocessing = 0;
		};
/* End PBXSourcesBuildPhase section */

/* Begin PBXTargetDependency section */
		8BD422E11E2409E8002C040E /* PBXTargetDependency */ = {
			isa = PBXTargetDependency;
			target = 8BD422CA1E2409E8002C040E /* FypSwift */;
			targetProxy = 8BD422E01E2409E8002C040E /* PBXContainerItemProxy */;
		};
		8BD422EC1E2409E8002C040E /* PBXTargetDependency */ = {
			isa = PBXTargetDependency;
			target = 8BD422CA1E2409E8002C040E /* FypSwift */;
			targetProxy = 8BD422EB1E2409E8002C040E /* PBXContainerItemProxy */;
		};
/* End PBXTargetDependency section */

/* Begin PBXVariantGroup section */
		8BD422D21E2409E8002C040E /* Main.storyboard */ = {
			isa = PBXVariantGroup;
			children = (
				8BD422D31E2409E8002C040E /* Base */,
			);
			name = Main.storyboard;
			sourceTree = "<group>";
		};
		8BD422D71E2409E8002C040E /* LaunchScreen.storyboard */ = {
			isa = PBXVariantGroup;
			children = (
				8BD422D81E2409E8002C040E /* Base */,
			);
			name = LaunchScreen.storyboard;
			sourceTree = "<group>";
		};
/* End PBXVariantGroup section */

/* Begin XCBuildConfiguration section */
		8BD422F11E2409E8002C040E /* Debug */ = {
			isa = XCBuildConfiguration;
			buildSettings = {
				ALWAYS_SEARCH_USER_PATHS = NO;
				CLANG_ANALYZER_NONNULL = YES;
				CLANG_CXX_LANGUAGE_STANDARD = "gnu++0x";
				CLANG_CXX_LIBRARY = "libc++";
				CLANG_ENABLE_MODULES = YES;
				CLANG_ENABLE_OBJC_ARC = YES;
				CLANG_WARN_BOOL_CONVERSION = YES;
				CLANG_WARN_CONSTANT_CONVERSION = YES;
				CLANG_WARN_DIRECT_OBJC_ISA_USAGE = YES_ERROR;
				CLANG_WARN_DOCUMENTATION_COMMENTS = YES;
				CLANG_WARN_EMPTY_BODY = YES;
				CLANG_WARN_ENUM_CONVERSION = YES;
				CLANG_WARN_INFINITE_RECURSION = YES;
				CLANG_WARN_INT_CONVERSION = YES;
				CLANG_WARN_OBJC_ROOT_CLASS = YES_ERROR;
				CLANG_WARN_SUSPICIOUS_MOVES = YES;
				CLANG_WARN_UNREACHABLE_CODE = YES;
				CLANG_WARN__DUPLICATE_METHOD_MATCH = YES;
				"CODE_SIGN_IDENTITY[sdk=iphoneos*]" = "iPhone Developer";
				COPY_PHASE_STRIP = NO;
				DEBUG_INFORMATION_FORMAT = dwarf;
				ENABLE_STRICT_OBJC_MSGSEND = YES;
				ENABLE_TESTABILITY = YES;
				GCC_C_LANGUAGE_STANDARD = gnu99;
				GCC_DYNAMIC_NO_PIC = NO;
				GCC_NO_COMMON_BLOCKS = YES;
				GCC_OPTIMIZATION_LEVEL = 0;
				GCC_PREPROCESSOR_DEFINITIONS = (
					"DEBUG=1",
					"$(inherited)",
				);
				GCC_WARN_64_TO_32_BIT_CONVERSION = YES;
				GCC_WARN_ABOUT_RETURN_TYPE = YES_ERROR;
				GCC_WARN_UNDECLARED_SELECTOR = YES;
				GCC_WARN_UNINITIALIZED_AUTOS = YES_AGGRESSIVE;
				GCC_WARN_UNUSED_FUNCTION = YES;
				GCC_WARN_UNUSED_VARIABLE = YES;
				IPHONEOS_DEPLOYMENT_TARGET = 10.0;
				MTL_ENABLE_DEBUG_INFO = YES;
				ONLY_ACTIVE_ARCH = YES;
				SDKROOT = iphoneos;
				SWIFT_ACTIVE_COMPILATION_CONDITIONS = DEBUG;
				SWIFT_OPTIMIZATION_LEVEL = "-Onone";
				TARGETED_DEVICE_FAMILY = "1,2";
			};
			name = Debug;
		};
		8BD422F21E2409E8002C040E /* Release */ = {
			isa = XCBuildConfiguration;
			buildSettings = {
				ALWAYS_SEARCH_USER_PATHS = NO;
				CLANG_ANALYZER_NONNULL = YES;
				CLANG_CXX_LANGUAGE_STANDARD = "gnu++0x";
				CLANG_CXX_LIBRARY = "libc++";
				CLANG_ENABLE_MODULES = YES;
				CLANG_ENABLE_OBJC_ARC = YES;
				CLANG_WARN_BOOL_CONVERSION = YES;
				CLANG_WARN_CONSTANT_CONVERSION = YES;
				CLANG_WARN_DIRECT_OBJC_ISA_USAGE = YES_ERROR;
				CLANG_WARN_DOCUMENTATION_COMMENTS = YES;
				CLANG_WARN_EMPTY_BODY = YES;
				CLANG_WARN_ENUM_CONVERSION = YES;
				CLANG_WARN_INFINITE_RECURSION = YES;
				CLANG_WARN_INT_CONVERSION = YES;
				CLANG_WARN_OBJC_ROOT_CLASS = YES_ERROR;
				CLANG_WARN_SUSPICIOUS_MOVES = YES;
				CLANG_WARN_UNREACHABLE_CODE = YES;
				CLANG_WARN__DUPLICATE_METHOD_MATCH = YES;
				"CODE_SIGN_IDENTITY[sdk=iphoneos*]" = "iPhone Developer";
				COPY_PHASE_STRIP = NO;
				DEBUG_INFORMATION_FORMAT = "dwarf-with-dsym";
				ENABLE_NS_ASSERTIONS = NO;
				ENABLE_STRICT_OBJC_MSGSEND = YES;
				GCC_C_LANGUAGE_STANDARD = gnu99;
				GCC_NO_COMMON_BLOCKS = YES;
				GCC_WARN_64_TO_32_BIT_CONVERSION = YES;
				GCC_WARN_ABOUT_RETURN_TYPE = YES_ERROR;
				GCC_WARN_UNDECLARED_SELECTOR = YES;
				GCC_WARN_UNINITIALIZED_AUTOS = YES_AGGRESSIVE;
				GCC_WARN_UNUSED_FUNCTION = YES;
				GCC_WARN_UNUSED_VARIABLE = YES;
				IPHONEOS_DEPLOYMENT_TARGET = 10.0;
				MTL_ENABLE_DEBUG_INFO = NO;
				SDKROOT = iphoneos;
				SWIFT_OPTIMIZATION_LEVEL = "-Owholemodule";
				TARGETED_DEVICE_FAMILY = "1,2";
				VALIDATE_PRODUCT = YES;
			};
			name = Release;
		};
		8BD422F41E2409E8002C040E /* Debug */ = {
			isa = XCBuildConfiguration;
			baseConfigurationReference = 8F2630E6D117696350CE97D2 /* Pods-FypSwift.debug.xcconfig */;
			buildSettings = {
				ASSETCATALOG_COMPILER_APPICON_NAME = AppIcon;
				FRAMEWORK_SEARCH_PATHS = (
					"$(inherited)",
					"$(PROJECT_DIR)",
				);
				INFOPLIST_FILE = FypSwift/Info.plist;
				LD_RUNPATH_SEARCH_PATHS = "$(inherited) @executable_path/Frameworks";
				"OTHER_LDFLAGS[arch=*]" = "-ObjC";
				PRODUCT_BUNDLE_IDENTIFIER = hcd.FypSwift;
				PRODUCT_NAME = "$(TARGET_NAME)";
				SWIFT_VERSION = 3.0;
			};
			name = Debug;
		};
		8BD422F51E2409E8002C040E /* Release */ = {
			isa = XCBuildConfiguration;
			baseConfigurationReference = DD8A298E38C5852122E2D06B /* Pods-FypSwift.release.xcconfig */;
			buildSettings = {
				ASSETCATALOG_COMPILER_APPICON_NAME = AppIcon;
				FRAMEWORK_SEARCH_PATHS = (
					"$(inherited)",
					"$(PROJECT_DIR)",
				);
				INFOPLIST_FILE = FypSwift/Info.plist;
				LD_RUNPATH_SEARCH_PATHS = "$(inherited) @executable_path/Frameworks";
				"OTHER_LDFLAGS[arch=*]" = "-ObjC";
				PRODUCT_BUNDLE_IDENTIFIER = hcd.FypSwift;
				PRODUCT_NAME = "$(TARGET_NAME)";
				SWIFT_VERSION = 3.0;
			};
			name = Release;
		};
		8BD422F71E2409E8002C040E /* Debug */ = {
			isa = XCBuildConfiguration;
			buildSettings = {
				ALWAYS_EMBED_SWIFT_STANDARD_LIBRARIES = YES;
				BUNDLE_LOADER = "$(TEST_HOST)";
				INFOPLIST_FILE = FypSwiftTests/Info.plist;
				LD_RUNPATH_SEARCH_PATHS = "$(inherited) @executable_path/Frameworks @loader_path/Frameworks";
				PRODUCT_BUNDLE_IDENTIFIER = hcd.FypSwiftTests;
				PRODUCT_NAME = "$(TARGET_NAME)";
				SWIFT_VERSION = 3.0;
				TEST_HOST = "$(BUILT_PRODUCTS_DIR)/FypSwift.app/FypSwift";
			};
			name = Debug;
		};
		8BD422F81E2409E8002C040E /* Release */ = {
			isa = XCBuildConfiguration;
			buildSettings = {
				ALWAYS_EMBED_SWIFT_STANDARD_LIBRARIES = YES;
				BUNDLE_LOADER = "$(TEST_HOST)";
				INFOPLIST_FILE = FypSwiftTests/Info.plist;
				LD_RUNPATH_SEARCH_PATHS = "$(inherited) @executable_path/Frameworks @loader_path/Frameworks";
				PRODUCT_BUNDLE_IDENTIFIER = hcd.FypSwiftTests;
				PRODUCT_NAME = "$(TARGET_NAME)";
				SWIFT_VERSION = 3.0;
				TEST_HOST = "$(BUILT_PRODUCTS_DIR)/FypSwift.app/FypSwift";
			};
			name = Release;
		};
		8BD422FA1E2409E8002C040E /* Debug */ = {
			isa = XCBuildConfiguration;
			buildSettings = {
				ALWAYS_EMBED_SWIFT_STANDARD_LIBRARIES = YES;
				INFOPLIST_FILE = FypSwiftUITests/Info.plist;
				LD_RUNPATH_SEARCH_PATHS = "$(inherited) @executable_path/Frameworks @loader_path/Frameworks";
				PRODUCT_BUNDLE_IDENTIFIER = hcd.FypSwiftUITests;
				PRODUCT_NAME = "$(TARGET_NAME)";
				SWIFT_VERSION = 3.0;
				TEST_TARGET_NAME = FypSwift;
			};
			name = Debug;
		};
		8BD422FB1E2409E8002C040E /* Release */ = {
			isa = XCBuildConfiguration;
			buildSettings = {
				ALWAYS_EMBED_SWIFT_STANDARD_LIBRARIES = YES;
				INFOPLIST_FILE = FypSwiftUITests/Info.plist;
				LD_RUNPATH_SEARCH_PATHS = "$(inherited) @executable_path/Frameworks @loader_path/Frameworks";
				PRODUCT_BUNDLE_IDENTIFIER = hcd.FypSwiftUITests;
				PRODUCT_NAME = "$(TARGET_NAME)";
				SWIFT_VERSION = 3.0;
				TEST_TARGET_NAME = FypSwift;
			};
			name = Release;
		};
/* End XCBuildConfiguration section */

/* Begin XCConfigurationList section */
		8BD422C61E2409E8002C040E /* Build configuration list for PBXProject "FypSwift" */ = {
			isa = XCConfigurationList;
			buildConfigurations = (
				8BD422F11E2409E8002C040E /* Debug */,
				8BD422F21E2409E8002C040E /* Release */,
			);
			defaultConfigurationIsVisible = 0;
			defaultConfigurationName = Release;
		};
		8BD422F31E2409E8002C040E /* Build configuration list for PBXNativeTarget "FypSwift" */ = {
			isa = XCConfigurationList;
			buildConfigurations = (
				8BD422F41E2409E8002C040E /* Debug */,
				8BD422F51E2409E8002C040E /* Release */,
			);
			defaultConfigurationIsVisible = 0;
			defaultConfigurationName = Release;
		};
		8BD422F61E2409E8002C040E /* Build configuration list for PBXNativeTarget "FypSwiftTests" */ = {
			isa = XCConfigurationList;
			buildConfigurations = (
				8BD422F71E2409E8002C040E /* Debug */,
				8BD422F81E2409E8002C040E /* Release */,
			);
			defaultConfigurationIsVisible = 0;
			defaultConfigurationName = Release;
		};
		8BD422F91E2409E8002C040E /* Build configuration list for PBXNativeTarget "FypSwiftUITests" */ = {
			isa = XCConfigurationList;
			buildConfigurations = (
				8BD422FA1E2409E8002C040E /* Debug */,
				8BD422FB1E2409E8002C040E /* Release */,
			);
			defaultConfigurationIsVisible = 0;
			defaultConfigurationName = Release;
		};
/* End XCConfigurationList section */
	};
	rootObject = 8BD422C31E2409E8002C040E /* Project object */;
}
